
Microsoft Visual Studio Solution File, Format Version 12.00
# Visual Studio Version 16
VisualStudioVersion = 16.0.28803.452
MinimumVisualStudioVersion = 10.0.40219.1
Project("{FAE04EC0-301F-11D3-BF4B-00C04F79EFBC}") = "WebApp", "WebApp\WebApp.csproj", "{ACE41F1A-66C7-4C03-A9B1-72DA933F7A1A}"
EndProject
Project("{9A19103F-16F7-4668-BE54-9A1E7A4F7556}") = "WebAppCore", "WebAppCore\WebAppCore.csproj", "{C921B1AE-2877-454B-BF10-85EFC01E06C3}"
EndProject
Project("{FAE04EC0-301F-11D3-BF4B-00C04F79EFBC}") = "WebAPI", "WebAPI\WebAPI.csproj", "{04D27CFA-0413-46CC-8D00-A49F9D0B25D2}"
EndProject
Project("{FAE04EC0-301F-11D3-BF4B-00C04F79EFBC}") = "HDBLibrary", "HDBLibrary\HDBLibrary.csproj", "{EDDCB4FE-64B7-44B3-944A-B63F206325D1}"
EndProject
Project("{FAE04EC0-301F-11D3-BF4B-00C04F79EFBC}") = "HDB Trasnsfer File Processor", "HDB Trasnsfer File Processor\HDB Trasnsfer File Processor.csproj", "{AA5C5EE0-2A75-4687-AC42-AF15335A6D51}"
EndProject
Project("{00D1A9C2-B5F0-4AF3-8072-F6C62B433612}") = "HDBDB", "HDBDB\HDBDB.sqlproj", "{88D80FAD-309E-4A74-A557-D36E16C204EA}"
EndProject
Project("{FAE04EC0-301F-11D3-BF4B-00C04F79EFBC}") = "IdentityPasswordHasher", "IdentityPasswordHasher\IdentityPasswordHasher.csproj", "{9E3E4AAE-3BDC-4153-AB9C-DBC568E792A5}"
EndProject
Project("{FAE04EC0-301F-11D3-BF4B-00C04F79EFBC}") = "PaymentGatewayTester", "PaymentGatewayTester\PaymentGatewayTester.csproj", "{FD38ACA1-A36E-4ADD-96B6-CB4A26F171DD}"
EndProject
Global
	GlobalSection(SolutionConfigurationPlatforms) = preSolution
		Debug|Any CPU = Debug|Any CPU
		Release|Any CPU = Release|Any CPU
	EndGlobalSection
	GlobalSection(ProjectConfigurationPlatforms) = postSolution
		{ACE41F1A-66C7-4C03-A9B1-72DA933F7A1A}.Debug|Any CPU.ActiveCfg = Debug|Any CPU
		{ACE41F1A-66C7-4C03-A9B1-72DA933F7A1A}.Debug|Any CPU.Build.0 = Debug|Any CPU
		{ACE41F1A-66C7-4C03-A9B1-72DA933F7A1A}.Release|Any CPU.ActiveCfg = Release|Any CPU
		{ACE41F1A-66C7-4C03-A9B1-72DA933F7A1A}.Release|Any CPU.Build.0 = Release|Any CPU
		{C921B1AE-2877-454B-BF10-85EFC01E06C3}.Debug|Any CPU.ActiveCfg = Debug|Any CPU
		{C921B1AE-2877-454B-BF10-85EFC01E06C3}.Debug|Any CPU.Build.0 = Debug|Any CPU
		{C921B1AE-2877-454B-BF10-85EFC01E06C3}.Release|Any CPU.ActiveCfg = Release|Any CPU
		{C921B1AE-2877-454B-BF10-85EFC01E06C3}.Release|Any CPU.Build.0 = Release|Any CPU
		{04D27CFA-0413-46CC-8D00-A49F9D0B25D2}.Debug|Any CPU.ActiveCfg = Debug|Any CPU
		{04D27CFA-0413-46CC-8D00-A49F9D0B25D2}.Debug|Any CPU.Build.0 = Debug|Any CPU
		{04D27CFA-0413-46CC-8D00-A49F9D0B25D2}.Release|Any CPU.ActiveCfg = Release|Any CPU
		{04D27CFA-0413-46CC-8D00-A49F9D0B25D2}.Release|Any CPU.Build.0 = Release|Any CPU
		{EDDCB4FE-64B7-44B3-944A-B63F206325D1}.Debug|Any CPU.ActiveCfg = Debug|Any CPU
		{EDDCB4FE-64B7-44B3-944A-B63F206325D1}.Debug|Any CPU.Build.0 = Debug|Any CPU
		{EDDCB4FE-64B7-44B3-944A-B63F206325D1}.Release|Any CPU.ActiveCfg = Release|Any CPU
		{EDDCB4FE-64B7-44B3-944A-B63F206325D1}.Release|Any CPU.Build.0 = Release|Any CPU
		{AA5C5EE0-2A75-4687-AC42-AF15335A6D51}.Debug|Any CPU.ActiveCfg = Debug|Any CPU
		{AA5C5EE0-2A75-4687-AC42-AF15335A6D51}.Debug|Any CPU.Build.0 = Debug|Any CPU
		{AA5C5EE0-2A75-4687-AC42-AF15335A6D51}.Release|Any CPU.ActiveCfg = Release|Any CPU
		{AA5C5EE0-2A75-4687-AC42-AF15335A6D51}.Release|Any CPU.Build.0 = Release|Any CPU
		{88D80FAD-309E-4A74-A557-D36E16C204EA}.Debug|Any CPU.ActiveCfg = Debug|Any CPU
		{88D80FAD-309E-4A74-A557-D36E16C204EA}.Debug|Any CPU.Build.0 = Debug|Any CPU
		{88D80FAD-309E-4A74-A557-D36E16C204EA}.Debug|Any CPU.Deploy.0 = Debug|Any CPU
		{88D80FAD-309E-4A74-A557-D36E16C204EA}.Release|Any CPU.ActiveCfg = Release|Any CPU
		{88D80FAD-309E-4A74-A557-D36E16C204EA}.Release|Any CPU.Build.0 = Release|Any CPU
		{88D80FAD-309E-4A74-A557-D36E16C204EA}.Release|Any CPU.Deploy.0 = Release|Any CPU
		{9E3E4AAE-3BDC-4153-AB9C-DBC568E792A5}.Debug|Any CPU.ActiveCfg = Debug|Any CPU
		{9E3E4AAE-3BDC-4153-AB9C-DBC568E792A5}.Debug|Any CPU.Build.0 = Debug|Any CPU
		{9E3E4AAE-3BDC-4153-AB9C-DBC568E792A5}.Release|Any CPU.ActiveCfg = Release|Any CPU
		{9E3E4AAE-3BDC-4153-AB9C-DBC568E792A5}.Release|Any CPU.Build.0 = Release|Any CPU
		{FD38ACA1-A36E-4ADD-96B6-CB4A26F171DD}.Debug|Any CPU.ActiveCfg = Debug|Any CPU
		{FD38ACA1-A36E-4ADD-96B6-CB4A26F171DD}.Debug|Any CPU.Build.0 = Debug|Any CPU
		{FD38ACA1-A36E-4ADD-96B6-CB4A26F171DD}.Release|Any CPU.ActiveCfg = Release|Any CPU
		{FD38ACA1-A36E-4ADD-96B6-CB4A26F171DD}.Release|Any CPU.Build.0 = Release|Any CPU
	EndGlobalSection
	GlobalSection(SolutionProperties) = preSolution
		HideSolutionNode = FALSE
	EndGlobalSection
	GlobalSection(ExtensibilityGlobals) = postSolution
		SolutionGuid = {E87C030B-D41B-4B45-98AA-17C8389CC2FC}
	EndGlobalSection
EndGlobal
